// !$*UTF8*$!
{
	archiveVersion = 1;
	classes = {
	};
	objectVersion = 46;
	objects = {

/* Begin PBXBuildFile section */
		2C2EF5D918D8208F0076DB77 /* LayoutLS.ls in Resources */ = {isa = PBXBuildFile; fileRef = 2C2EF5D818D8208F0076DB77 /* LayoutLS.ls */; };
		2C5BC8ED18CF15B700712C80 /* Foundation.framework in Frameworks */ = {isa = PBXBuildFile; fileRef = 2C5BC8EC18CF15B700712C80 /* Foundation.framework */; };
		2C5BC8EF18CF15B700712C80 /* CoreGraphics.framework in Frameworks */ = {isa = PBXBuildFile; fileRef = 2C5BC8EE18CF15B700712C80 /* CoreGraphics.framework */; };
		2C5BC8F118CF15B700712C80 /* UIKit.framework in Frameworks */ = {isa = PBXBuildFile; fileRef = 2C5BC8F018CF15B700712C80 /* UIKit.framework */; };
		2C5BC8F718CF15B700712C80 /* InfoPlist.strings in Resources */ = {isa = PBXBuildFile; fileRef = 2C5BC8F518CF15B700712C80 /* InfoPlist.strings */; };
		2C5BC8F918CF15B700712C80 /* main.m in Sources */ = {isa = PBXBuildFile; fileRef = 2C5BC8F818CF15B700712C80 /* main.m */; };
		2C5BC8FD18CF15B700712C80 /* BBAppDelegate.m in Sources */ = {isa = PBXBuildFile; fileRef = 2C5BC8FC18CF15B700712C80 /* BBAppDelegate.m */; };
		2C5BC90618CF15B700712C80 /* BBViewController.m in Sources */ = {isa = PBXBuildFile; fileRef = 2C5BC90518CF15B700712C80 /* BBViewController.m */; };
		2C5BC90818CF15B700712C80 /* Images.xcassets in Resources */ = {isa = PBXBuildFile; fileRef = 2C5BC90718CF15B700712C80 /* Images.xcassets */; };
		2C5BC90F18CF15B700712C80 /* XCTest.framework in Frameworks */ = {isa = PBXBuildFile; fileRef = 2C5BC90E18CF15B700712C80 /* XCTest.framework */; };
		2C5BC91018CF15B700712C80 /* Foundation.framework in Frameworks */ = {isa = PBXBuildFile; fileRef = 2C5BC8EC18CF15B700712C80 /* Foundation.framework */; };
		2C5BC91118CF15B700712C80 /* UIKit.framework in Frameworks */ = {isa = PBXBuildFile; fileRef = 2C5BC8F018CF15B700712C80 /* UIKit.framework */; };
		2C5BC92818CF172400712C80 /* Layout24.xib in Resources */ = {isa = PBXBuildFile; fileRef = 2C5BC92718CF172400712C80 /* Layout24.xib */; };
		2C5BC93D18CF488B00712C80 /* Layout18.xib in Resources */ = {isa = PBXBuildFile; fileRef = 2C5BC93C18CF488B00712C80 /* Layout18.xib */; };
		2C5BC94518CF496E00712C80 /* Layout33.xib in Resources */ = {isa = PBXBuildFile; fileRef = 2C5BC94418CF496E00712C80 /* Layout33.xib */; };
		2C65ACEC18D32C990082BF61 /* Layout18.ls in Resources */ = {isa = PBXBuildFile; fileRef = 2C65ACEB18D32C990082BF61 /* Layout18.ls */; };
		2C65ACEE18D33F400082BF61 /* Layout24.ls in Resources */ = {isa = PBXBuildFile; fileRef = 2C65ACED18D33F400082BF61 /* Layout24.ls */; };
		2C65ACF018D33F630082BF61 /* Layout33.ls in Resources */ = {isa = PBXBuildFile; fileRef = 2C65ACEF18D33F630082BF61 /* Layout33.ls */; };
		2C86A0FF18D45BCE00572ABA /* BBLayoutConstraintGenerator.m in Sources */ = {isa = PBXBuildFile; fileRef = 2C86A0F218D45BCE00572ABA /* BBLayoutConstraintGenerator.m */; };
		2C86A10018D45BCE00572ABA /* BBLayoutConstraintGeneratorBoth.m in Sources */ = {isa = PBXBuildFile; fileRef = 2C86A0F418D45BCE00572ABA /* BBLayoutConstraintGeneratorBoth.m */; };
		2C86A10118D45BCE00572ABA /* BBLayoutConstraintGeneratorFirst.m in Sources */ = {isa = PBXBuildFile; fileRef = 2C86A0F618D45BCE00572ABA /* BBLayoutConstraintGeneratorFirst.m */; };
		2C86A10218D45BCE00572ABA /* BBLayoutConstraintGeneratorSecond.m in Sources */ = {isa = PBXBuildFile; fileRef = 2C86A0F818D45BCE00572ABA /* BBLayoutConstraintGeneratorSecond.m */; };
		2C86A10318D45BCE00572ABA /* BBLayoutPosition.m in Sources */ = {isa = PBXBuildFile; fileRef = 2C86A0FA18D45BCE00572ABA /* BBLayoutPosition.m */; };
		2C86A10418D45BCE00572ABA /* BBLayoutView.m in Sources */ = {isa = PBXBuildFile; fileRef = 2C86A0FC18D45BCE00572ABA /* BBLayoutView.m */; };
		2C86A10518D45BCE00572ABA /* BBLSInterpreter.m in Sources */ = {isa = PBXBuildFile; fileRef = 2C86A0FE18D45BCE00572ABA /* BBLSInterpreter.m */; };
		2CBC855F18D449E400199782 /* Main.storyboard in Resources */ = {isa = PBXBuildFile; fileRef = 2CBC855D18D449E400199782 /* Main.storyboard */; };
		2CDDFF9F18D868F4004B44B6 /* LayoutBall@iphone.ls in Resources */ = {isa = PBXBuildFile; fileRef = 2CDDFF9E18D868F4004B44B6 /* LayoutBall@iphone.ls */; };
		2CDDFFA118D86900004B44B6 /* LayoutBall@ipad.ls in Resources */ = {isa = PBXBuildFile; fileRef = 2CDDFFA018D86900004B44B6 /* LayoutBall@ipad.ls */; };
/* End PBXBuildFile section */

/* Begin PBXContainerItemProxy section */
		2C5BC91218CF15B700712C80 /* PBXContainerItemProxy */ = {
			isa = PBXContainerItemProxy;
			containerPortal = 2C5BC8E118CF15B700712C80 /* Project object */;
			proxyType = 1;
			remoteGlobalIDString = 2C5BC8E818CF15B700712C80;
			remoteInfo = LayoutExtract;
		};
/* End PBXContainerItemProxy section */

/* Begin PBXFileReference section */
		2C2EF5D818D8208F0076DB77 /* LayoutLS.ls */ = {isa = PBXFileReference; fileEncoding = 4; lastKnownFileType = text; path = LayoutLS.ls; sourceTree = "<group>"; };
		2C5BC8E918CF15B700712C80 /* LayoutExtract.app */ = {isa = PBXFileReference; explicitFileType = wrapper.application; includeInIndex = 0; path = LayoutExtract.app; sourceTree = BUILT_PRODUCTS_DIR; };
		2C5BC8EC18CF15B700712C80 /* Foundation.framework */ = {isa = PBXFileReference; lastKnownFileType = wrapper.framework; name = Foundation.framework; path = System/Library/Frameworks/Foundation.framework; sourceTree = SDKROOT; };
		2C5BC8EE18CF15B700712C80 /* CoreGraphics.framework */ = {isa = PBXFileReference; lastKnownFileType = wrapper.framework; name = CoreGraphics.framework; path = System/Library/Frameworks/CoreGraphics.framework; sourceTree = SDKROOT; };
		2C5BC8F018CF15B700712C80 /* UIKit.framework */ = {isa = PBXFileReference; lastKnownFileType = wrapper.framework; name = UIKit.framework; path = System/Library/Frameworks/UIKit.framework; sourceTree = SDKROOT; };
		2C5BC8F418CF15B700712C80 /* LayoutExtract-Info.plist */ = {isa = PBXFileReference; lastKnownFileType = text.plist.xml; path = "LayoutExtract-Info.plist"; sourceTree = "<group>"; };
		2C5BC8F618CF15B700712C80 /* en */ = {isa = PBXFileReference; lastKnownFileType = text.plist.strings; name = en; path = en.lproj/InfoPlist.strings; sourceTree = "<group>"; };
		2C5BC8F818CF15B700712C80 /* main.m */ = {isa = PBXFileReference; lastKnownFileType = sourcecode.c.objc; path = main.m; sourceTree = "<group>"; };
		2C5BC8FA18CF15B700712C80 /* LayoutExtract-Prefix.pch */ = {isa = PBXFileReference; lastKnownFileType = sourcecode.c.h; path = "LayoutExtract-Prefix.pch"; sourceTree = "<group>"; };
		2C5BC8FB18CF15B700712C80 /* BBAppDelegate.h */ = {isa = PBXFileReference; lastKnownFileType = sourcecode.c.h; path = BBAppDelegate.h; sourceTree = "<group>"; };
		2C5BC8FC18CF15B700712C80 /* BBAppDelegate.m */ = {isa = PBXFileReference; lastKnownFileType = sourcecode.c.objc; path = BBAppDelegate.m; sourceTree = "<group>"; };
		2C5BC90418CF15B700712C80 /* BBViewController.h */ = {isa = PBXFileReference; lastKnownFileType = sourcecode.c.h; path = BBViewController.h; sourceTree = "<group>"; };
		2C5BC90518CF15B700712C80 /* BBViewController.m */ = {isa = PBXFileReference; lastKnownFileType = sourcecode.c.objc; path = BBViewController.m; sourceTree = "<group>"; };
		2C5BC90718CF15B700712C80 /* Images.xcassets */ = {isa = PBXFileReference; lastKnownFileType = folder.assetcatalog; path = Images.xcassets; sourceTree = "<group>"; };
		2C5BC90D18CF15B700712C80 /* LayoutExtractTests.xctest */ = {isa = PBXFileReference; explicitFileType = wrapper.cfbundle; includeInIndex = 0; path = LayoutExtractTests.xctest; sourceTree = BUILT_PRODUCTS_DIR; };
		2C5BC90E18CF15B700712C80 /* XCTest.framework */ = {isa = PBXFileReference; lastKnownFileType = wrapper.framework; name = XCTest.framework; path = Library/Frameworks/XCTest.framework; sourceTree = DEVELOPER_DIR; };
		2C5BC92718CF172400712C80 /* Layout24.xib */ = {isa = PBXFileReference; fileEncoding = 4; lastKnownFileType = file.xib; path = Layout24.xib; sourceTree = "<group>"; };
		2C5BC93C18CF488B00712C80 /* Layout18.xib */ = {isa = PBXFileReference; fileEncoding = 4; lastKnownFileType = file.xib; path = Layout18.xib; sourceTree = "<group>"; };
		2C5BC94418CF496E00712C80 /* Layout33.xib */ = {isa = PBXFileReference; fileEncoding = 4; lastKnownFileType = file.xib; path = Layout33.xib; sourceTree = "<group>"; };
		2C65ACEB18D32C990082BF61 /* Layout18.ls */ = {isa = PBXFileReference; fileEncoding = 4; lastKnownFileType = text; path = Layout18.ls; sourceTree = "<group>"; };
		2C65ACED18D33F400082BF61 /* Layout24.ls */ = {isa = PBXFileReference; fileEncoding = 4; lastKnownFileType = text; path = Layout24.ls; sourceTree = "<group>"; };
		2C65ACEF18D33F630082BF61 /* Layout33.ls */ = {isa = PBXFileReference; fileEncoding = 4; lastKnownFileType = text; path = Layout33.ls; sourceTree = "<group>"; };
		2C86A0F118D45BCE00572ABA /* BBLayoutConstraintGenerator.h */ = {isa = PBXFileReference; fileEncoding = 4; lastKnownFileType = sourcecode.c.h; name = BBLayoutConstraintGenerator.h; path = LayoutView/BBLayoutConstraintGenerator.h; sourceTree = "<group>"; };
		2C86A0F218D45BCE00572ABA /* BBLayoutConstraintGenerator.m */ = {isa = PBXFileReference; fileEncoding = 4; lastKnownFileType = sourcecode.c.objc; name = BBLayoutConstraintGenerator.m; path = LayoutView/BBLayoutConstraintGenerator.m; sourceTree = "<group>"; };
		2C86A0F318D45BCE00572ABA /* BBLayoutConstraintGeneratorBoth.h */ = {isa = PBXFileReference; fileEncoding = 4; lastKnownFileType = sourcecode.c.h; name = BBLayoutConstraintGeneratorBoth.h; path = LayoutView/BBLayoutConstraintGeneratorBoth.h; sourceTree = "<group>"; };
		2C86A0F418D45BCE00572ABA /* BBLayoutConstraintGeneratorBoth.m */ = {isa = PBXFileReference; fileEncoding = 4; lastKnownFileType = sourcecode.c.objc; name = BBLayoutConstraintGeneratorBoth.m; path = LayoutView/BBLayoutConstraintGeneratorBoth.m; sourceTree = "<group>"; };
		2C86A0F518D45BCE00572ABA /* BBLayoutConstraintGeneratorFirst.h */ = {isa = PBXFileReference; fileEncoding = 4; lastKnownFileType = sourcecode.c.h; name = BBLayoutConstraintGeneratorFirst.h; path = LayoutView/BBLayoutConstraintGeneratorFirst.h; sourceTree = "<group>"; };
		2C86A0F618D45BCE00572ABA /* BBLayoutConstraintGeneratorFirst.m */ = {isa = PBXFileReference; fileEncoding = 4; lastKnownFileType = sourcecode.c.objc; name = BBLayoutConstraintGeneratorFirst.m; path = LayoutView/BBLayoutConstraintGeneratorFirst.m; sourceTree = "<group>"; };
		2C86A0F718D45BCE00572ABA /* BBLayoutConstraintGeneratorSecond.h */ = {isa = PBXFileReference; fileEncoding = 4; lastKnownFileType = sourcecode.c.h; name = BBLayoutConstraintGeneratorSecond.h; path = LayoutView/BBLayoutConstraintGeneratorSecond.h; sourceTree = "<group>"; };
		2C86A0F818D45BCE00572ABA /* BBLayoutConstraintGeneratorSecond.m */ = {isa = PBXFileReference; fileEncoding = 4; lastKnownFileType = sourcecode.c.objc; name = BBLayoutConstraintGeneratorSecond.m; path = LayoutView/BBLayoutConstraintGeneratorSecond.m; sourceTree = "<group>"; };
		2C86A0F918D45BCE00572ABA /* BBLayoutPosition.h */ = {isa = PBXFileReference; fileEncoding = 4; lastKnownFileType = sourcecode.c.h; name = BBLayoutPosition.h; path = LayoutView/BBLayoutPosition.h; sourceTree = "<group>"; };
		2C86A0FA18D45BCE00572ABA /* BBLayoutPosition.m */ = {isa = PBXFileReference; fileEncoding = 4; lastKnownFileType = sourcecode.c.objc; name = BBLayoutPosition.m; path = LayoutView/BBLayoutPosition.m; sourceTree = "<group>"; };
		2C86A0FB18D45BCE00572ABA /* BBLayoutView.h */ = {isa = PBXFileReference; fileEncoding = 4; lastKnownFileType = sourcecode.c.h; name = BBLayoutView.h; path = LayoutView/BBLayoutView.h; sourceTree = "<group>"; };
		2C86A0FC18D45BCE00572ABA /* BBLayoutView.m */ = {isa = PBXFileReference; fileEncoding = 4; lastKnownFileType = sourcecode.c.objc; name = BBLayoutView.m; path = LayoutView/BBLayoutView.m; sourceTree = "<group>"; };
		2C86A0FD18D45BCE00572ABA /* BBLSInterpreter.h */ = {isa = PBXFileReference; fileEncoding = 4; lastKnownFileType = sourcecode.c.h; name = BBLSInterpreter.h; path = LayoutView/BBLSInterpreter.h; sourceTree = "<group>"; };
		2C86A0FE18D45BCE00572ABA /* BBLSInterpreter.m */ = {isa = PBXFileReference; fileEncoding = 4; lastKnownFileType = sourcecode.c.objc; name = BBLSInterpreter.m; path = LayoutView/BBLSInterpreter.m; sourceTree = "<group>"; };
		2CBC855E18D449E400199782 /* en */ = {isa = PBXFileReference; lastKnownFileType = file.storyboard; name = en; path = LayoutExtract/en.lproj/Main.storyboard; sourceTree = "<group>"; };
		2CDDFF9E18D868F4004B44B6 /* LayoutBall@iphone.ls */ = {isa = PBXFileReference; fileEncoding = 4; lastKnownFileType = text; path = "LayoutBall@iphone.ls"; sourceTree = "<group>"; };
		2CDDFFA018D86900004B44B6 /* LayoutBall@ipad.ls */ = {isa = PBXFileReference; fileEncoding = 4; lastKnownFileType = text; path = "LayoutBall@ipad.ls"; sourceTree = "<group>"; };
/* End PBXFileReference section */

/* Begin PBXFrameworksBuildPhase section */
		2C5BC8E618CF15B700712C80 /* Frameworks */ = {
			isa = PBXFrameworksBuildPhase;
			buildActionMask = 2147483647;
			files = (
				2C5BC8EF18CF15B700712C80 /* CoreGraphics.framework in Frameworks */,
				2C5BC8F118CF15B700712C80 /* UIKit.framework in Frameworks */,
				2C5BC8ED18CF15B700712C80 /* Foundation.framework in Frameworks */,
			);
			runOnlyForDeploymentPostprocessing = 0;
		};
		2C5BC90A18CF15B700712C80 /* Frameworks */ = {
			isa = PBXFrameworksBuildPhase;
			buildActionMask = 2147483647;
			files = (
				2C5BC90F18CF15B700712C80 /* XCTest.framework in Frameworks */,
				2C5BC91118CF15B700712C80 /* UIKit.framework in Frameworks */,
				2C5BC91018CF15B700712C80 /* Foundation.framework in Frameworks */,
			);
			runOnlyForDeploymentPostprocessing = 0;
		};
/* End PBXFrameworksBuildPhase section */

/* Begin PBXGroup section */
		2C5BC8E018CF15B700712C80 = {
			isa = PBXGroup;
			children = (
				2C5BC8F218CF15B700712C80 /* LayoutExtract */,
				2C5BC8EB18CF15B700712C80 /* Frameworks */,
				2C5BC8EA18CF15B700712C80 /* Products */,
			);
			sourceTree = "<group>";
		};
		2C5BC8EA18CF15B700712C80 /* Products */ = {
			isa = PBXGroup;
			children = (
				2C5BC8E918CF15B700712C80 /* LayoutExtract.app */,
				2C5BC90D18CF15B700712C80 /* LayoutExtractTests.xctest */,
			);
			name = Products;
			sourceTree = "<group>";
		};
		2C5BC8EB18CF15B700712C80 /* Frameworks */ = {
			isa = PBXGroup;
			children = (
				2C5BC8EC18CF15B700712C80 /* Foundation.framework */,
				2C5BC8EE18CF15B700712C80 /* CoreGraphics.framework */,
				2C5BC8F018CF15B700712C80 /* UIKit.framework */,
				2C5BC90E18CF15B700712C80 /* XCTest.framework */,
			);
			name = Frameworks;
			sourceTree = "<group>";
		};
		2C5BC8F218CF15B700712C80 /* LayoutExtract */ = {
			isa = PBXGroup;
			children = (
				2C65ACE718D325230082BF61 /* Layout View */,
				2C5BC8FB18CF15B700712C80 /* BBAppDelegate.h */,
				2C5BC8FC18CF15B700712C80 /* BBAppDelegate.m */,
				2CBC855D18D449E400199782 /* Main.storyboard */,
				2C5BC90418CF15B700712C80 /* BBViewController.h */,
				2C5BC90518CF15B700712C80 /* BBViewController.m */,
				2C5BC90718CF15B700712C80 /* Images.xcassets */,
				2C5BC8F318CF15B700712C80 /* Supporting Files */,
				2C5BC93B18CF44F100712C80 /* Layouts */,
			);
			path = LayoutExtract;
			sourceTree = "<group>";
		};
		2C5BC8F318CF15B700712C80 /* Supporting Files */ = {
			isa = PBXGroup;
			children = (
				2C5BC8F418CF15B700712C80 /* LayoutExtract-Info.plist */,
				2C5BC8F518CF15B700712C80 /* InfoPlist.strings */,
				2C5BC8F818CF15B700712C80 /* main.m */,
				2C5BC8FA18CF15B700712C80 /* LayoutExtract-Prefix.pch */,
			);
			name = "Supporting Files";
			sourceTree = "<group>";
		};
		2C5BC93B18CF44F100712C80 /* Layouts */ = {
			isa = PBXGroup;
			children = (
				2C5BC93C18CF488B00712C80 /* Layout18.xib */,
				2C5BC92718CF172400712C80 /* Layout24.xib */,
				2C5BC94418CF496E00712C80 /* Layout33.xib */,
				2C65ACEB18D32C990082BF61 /* Layout18.ls */,
				2C65ACED18D33F400082BF61 /* Layout24.ls */,
				2C65ACEF18D33F630082BF61 /* Layout33.ls */,
				2C2EF5D818D8208F0076DB77 /* LayoutLS.ls */,
				2CDDFF9E18D868F4004B44B6 /* LayoutBall@iphone.ls */,
				2CDDFFA018D86900004B44B6 /* LayoutBall@ipad.ls */,
			);
			name = Layouts;
			sourceTree = "<group>";
		};
		2C65ACE718D325230082BF61 /* Layout View */ = {
			isa = PBXGroup;
			children = (
				2C86A0F118D45BCE00572ABA /* BBLayoutConstraintGenerator.h */,
				2C86A0F218D45BCE00572ABA /* BBLayoutConstraintGenerator.m */,
				2C86A0F318D45BCE00572ABA /* BBLayoutConstraintGeneratorBoth.h */,
				2C86A0F418D45BCE00572ABA /* BBLayoutConstraintGeneratorBoth.m */,
				2C86A0F518D45BCE00572ABA /* BBLayoutConstraintGeneratorFirst.h */,
				2C86A0F618D45BCE00572ABA /* BBLayoutConstraintGeneratorFirst.m */,
				2C86A0F718D45BCE00572ABA /* BBLayoutConstraintGeneratorSecond.h */,
				2C86A0F818D45BCE00572ABA /* BBLayoutConstraintGeneratorSecond.m */,
				2C86A0F918D45BCE00572ABA /* BBLayoutPosition.h */,
				2C86A0FA18D45BCE00572ABA /* BBLayoutPosition.m */,
				2C86A0FB18D45BCE00572ABA /* BBLayoutView.h */,
				2C86A0FC18D45BCE00572ABA /* BBLayoutView.m */,
				2C86A0FD18D45BCE00572ABA /* BBLSInterpreter.h */,
				2C86A0FE18D45BCE00572ABA /* BBLSInterpreter.m */,
			);
			name = "Layout View";
			sourceTree = "<group>";
		};
/* End PBXGroup section */

/* Begin PBXNativeTarget section */
		2C5BC8E818CF15B700712C80 /* LayoutExtract */ = {
			isa = PBXNativeTarget;
			buildConfigurationList = 2C5BC91E18CF15B700712C80 /* Build configuration list for PBXNativeTarget "LayoutExtract" */;
			buildPhases = (
				2C5BC8E518CF15B700712C80 /* Sources */,
				2C5BC8E618CF15B700712C80 /* Frameworks */,
				2C5BC8E718CF15B700712C80 /* Resources */,
			);
			buildRules = (
			);
			dependencies = (
			);
			name = LayoutExtract;
			productName = LayoutExtract;
			productReference = 2C5BC8E918CF15B700712C80 /* LayoutExtract.app */;
			productType = "com.apple.product-type.application";
		};
		2C5BC90C18CF15B700712C80 /* LayoutExtractTests */ = {
			isa = PBXNativeTarget;
			buildConfigurationList = 2C5BC92118CF15B700712C80 /* Build configuration list for PBXNativeTarget "LayoutExtractTests" */;
			buildPhases = (
				2C5BC90918CF15B700712C80 /* Sources */,
				2C5BC90A18CF15B700712C80 /* Frameworks */,
				2C5BC90B18CF15B700712C80 /* Resources */,
			);
			buildRules = (
			);
			dependencies = (
				2C5BC91318CF15B700712C80 /* PBXTargetDependency */,
			);
			name = LayoutExtractTests;
			productName = LayoutExtractTests;
			productReference = 2C5BC90D18CF15B700712C80 /* LayoutExtractTests.xctest */;
			productType = "com.apple.product-type.bundle.unit-test";
		};
/* End PBXNativeTarget section */

/* Begin PBXProject section */
		2C5BC8E118CF15B700712C80 /* Project object */ = {
			isa = PBXProject;
			attributes = {
				CLASSPREFIX = BB;
				LastUpgradeCheck = 0510;
				ORGANIZATIONNAME = "Bean & Bean";
				TargetAttributes = {
					2C5BC90C18CF15B700712C80 = {
						TestTargetID = 2C5BC8E818CF15B700712C80;
					};
				};
			};
			buildConfigurationList = 2C5BC8E418CF15B700712C80 /* Build configuration list for PBXProject "LayoutExtract" */;
			compatibilityVersion = "Xcode 3.2";
			developmentRegion = English;
			hasScannedForEncodings = 0;
			knownRegions = (
				en,
				Base,
			);
			mainGroup = 2C5BC8E018CF15B700712C80;
			productRefGroup = 2C5BC8EA18CF15B700712C80 /* Products */;
			projectDirPath = "";
			projectRoot = "";
			targets = (
				2C5BC8E818CF15B700712C80 /* LayoutExtract */,
				2C5BC90C18CF15B700712C80 /* LayoutExtractTests */,
			);
		};
/* End PBXProject section */

/* Begin PBXResourcesBuildPhase section */
		2C5BC8E718CF15B700712C80 /* Resources */ = {
			isa = PBXResourcesBuildPhase;
			buildActionMask = 2147483647;
			files = (
				2C65ACF018D33F630082BF61 /* Layout33.ls in Resources */,
				2C65ACEC18D32C990082BF61 /* Layout18.ls in Resources */,
				2C5BC94518CF496E00712C80 /* Layout33.xib in Resources */,
				2C5BC92818CF172400712C80 /* Layout24.xib in Resources */,
				2CDDFF9F18D868F4004B44B6 /* LayoutBall@iphone.ls in Resources */,
				2C65ACEE18D33F400082BF61 /* Layout24.ls in Resources */,
				2C2EF5D918D8208F0076DB77 /* LayoutLS.ls in Resources */,
				2C5BC90818CF15B700712C80 /* Images.xcassets in Resources */,
				2CBC855F18D449E400199782 /* Main.storyboard in Resources */,
				2C5BC93D18CF488B00712C80 /* Layout18.xib in Resources */,
				2CDDFFA118D86900004B44B6 /* LayoutBall@ipad.ls in Resources */,
				2C5BC8F718CF15B700712C80 /* InfoPlist.strings in Resources */,
			);
			runOnlyForDeploymentPostprocessing = 0;
		};
		2C5BC90B18CF15B700712C80 /* Resources */ = {
			isa = PBXResourcesBuildPhase;
			buildActionMask = 2147483647;
			files = (
			);
			runOnlyForDeploymentPostprocessing = 0;
		};
/* End PBXResourcesBuildPhase section */

/* Begin PBXSourcesBuildPhase section */
		2C5BC8E518CF15B700712C80 /* Sources */ = {
			isa = PBXSourcesBuildPhase;
			buildActionMask = 2147483647;
			files = (
				2C86A10018D45BCE00572ABA /* BBLayoutConstraintGeneratorBoth.m in Sources */,
				2C86A10518D45BCE00572ABA /* BBLSInterpreter.m in Sources */,
				2C5BC90618CF15B700712C80 /* BBViewController.m in Sources */,
				2C86A10218D45BCE00572ABA /* BBLayoutConstraintGeneratorSecond.m in Sources */,
				2C5BC8FD18CF15B700712C80 /* BBAppDelegate.m in Sources */,
				2C86A10418D45BCE00572ABA /* BBLayoutView.m in Sources */,
				2C86A10318D45BCE00572ABA /* BBLayoutPosition.m in Sources */,
				2C86A0FF18D45BCE00572ABA /* BBLayoutConstraintGenerator.m in Sources */,
				2C5BC8F918CF15B700712C80 /* main.m in Sources */,
				2C86A10118D45BCE00572ABA /* BBLayoutConstraintGeneratorFirst.m in Sources */,
			);
			runOnlyForDeploymentPostprocessing = 0;
		};
		2C5BC90918CF15B700712C80 /* Sources */ = {
			isa = PBXSourcesBuildPhase;
			buildActionMask = 2147483647;
			files = (
			);
			runOnlyForDeploymentPostprocessing = 0;
		};
/* End PBXSourcesBuildPhase section */

/* Begin PBXTargetDependency section */
		2C5BC91318CF15B700712C80 /* PBXTargetDependency */ = {
			isa = PBXTargetDependency;
			target = 2C5BC8E818CF15B700712C80 /* LayoutExtract */;
			targetProxy = 2C5BC91218CF15B700712C80 /* PBXContainerItemProxy */;
		};
/* End PBXTargetDependency section */

/* Begin PBXVariantGroup section */
		2C5BC8F518CF15B700712C80 /* InfoPlist.strings */ = {
			isa = PBXVariantGroup;
			children = (
				2C5BC8F618CF15B700712C80 /* en */,
			);
			name = InfoPlist.strings;
			sourceTree = "<group>";
		};
		2CBC855D18D449E400199782 /* Main.storyboard */ = {
			isa = PBXVariantGroup;
			children = (
				2CBC855E18D449E400199782 /* en */,
			);
			name = Main.storyboard;
			path = ..;
			sourceTree = "<group>";
		};
/* End PBXVariantGroup section */

/* Begin XCBuildConfiguration section */
		2C5BC91C18CF15B700712C80 /* Debug */ = {
			isa = XCBuildConfiguration;
			buildSettings = {
				ALWAYS_SEARCH_USER_PATHS = NO;
				CLANG_CXX_LANGUAGE_STANDARD = "gnu++0x";
				CLANG_CXX_LIBRARY = "libc++";
				CLANG_ENABLE_MODULES = YES;
				CLANG_ENABLE_OBJC_ARC = YES;
				CLANG_WARN_BOOL_CONVERSION = YES;
				CLANG_WARN_CONSTANT_CONVERSION = YES;
				CLANG_WARN_DIRECT_OBJC_ISA_USAGE = YES_ERROR;
				CLANG_WARN_EMPTY_BODY = YES;
				CLANG_WARN_ENUM_CONVERSION = YES;
				CLANG_WARN_INT_CONVERSION = YES;
				CLANG_WARN_OBJC_ROOT_CLASS = YES_ERROR;
				CLANG_WARN__DUPLICATE_METHOD_MATCH = YES;
				"CODE_SIGN_IDENTITY[sdk=iphoneos*]" = "iPhone Developer";
				COPY_PHASE_STRIP = NO;
				GCC_C_LANGUAGE_STANDARD = gnu99;
				GCC_DYNAMIC_NO_PIC = NO;
				GCC_OPTIMIZATION_LEVEL = 0;
				GCC_PREPROCESSOR_DEFINITIONS = (
					"DEBUG=1",
					"$(inherited)",
				);
				GCC_SYMBOLS_PRIVATE_EXTERN = NO;
				GCC_WARN_64_TO_32_BIT_CONVERSION = YES;
				GCC_WARN_ABOUT_RETURN_TYPE = YES_ERROR;
				GCC_WARN_UNDECLARED_SELECTOR = YES;
				GCC_WARN_UNINITIALIZED_AUTOS = YES;
				GCC_WARN_UNUSED_FUNCTION = YES;
				GCC_WARN_UNUSED_VARIABLE = YES;
				IPHONEOS_DEPLOYMENT_TARGET = 7.0;
				ONLY_ACTIVE_ARCH = YES;
				SDKROOT = iphoneos;
				TARGETED_DEVICE_FAMILY = "1,2";
			};
			name = Debug;
		};
		2C5BC91D18CF15B700712C80 /* Release */ = {
			isa = XCBuildConfiguration;
			buildSettings = {
				ALWAYS_SEARCH_USER_PATHS = NO;
				CLANG_CXX_LANGUAGE_STANDARD = "gnu++0x";
				CLANG_CXX_LIBRARY = "libc++";
				CLANG_ENABLE_MODULES = YES;
				CLANG_ENABLE_OBJC_ARC = YES;
				CLANG_WARN_BOOL_CONVERSION = YES;
				CLANG_WARN_CONSTANT_CONVERSION = YES;
				CLANG_WARN_DIRECT_OBJC_ISA_USAGE = YES_ERROR;
				CLANG_WARN_EMPTY_BODY = YES;
				CLANG_WARN_ENUM_CONVERSION = YES;
				CLANG_WARN_INT_CONVERSION = YES;
				CLANG_WARN_OBJC_ROOT_CLASS = YES_ERROR;
				CLANG_WARN__DUPLICATE_METHOD_MATCH = YES;
				"CODE_SIGN_IDENTITY[sdk=iphoneos*]" = "iPhone Developer";
				COPY_PHASE_STRIP = YES;
				ENABLE_NS_ASSERTIONS = NO;
				GCC_C_LANGUAGE_STANDARD = gnu99;
				GCC_WARN_64_TO_32_BIT_CONVERSION = YES;
				GCC_WARN_ABOUT_RETURN_TYPE = YES_ERROR;
				GCC_WARN_UNDECLARED_SELECTOR = YES;
				GCC_WARN_UNINITIALIZED_AUTOS = YES;
				GCC_WARN_UNUSED_FUNCTION = YES;
				GCC_WARN_UNUSED_VARIABLE = YES;
				IPHONEOS_DEPLOYMENT_TARGET = 7.0;
				SDKROOT = iphoneos;
				TARGETED_DEVICE_FAMILY = "1,2";
				VALIDATE_PRODUCT = YES;
			};
			name = Release;
		};
		2C5BC91F18CF15B700712C80 /* Debug */ = {
			isa = XCBuildConfiguration;
			buildSettings = {
				ASSETCATALOG_COMPILER_APPICON_NAME = AppIcon;
				ASSETCATALOG_COMPILER_LAUNCHIMAGE_NAME = LaunchImage;
				GCC_PRECOMPILE_PREFIX_HEADER = YES;
				GCC_PREFIX_HEADER = "LayoutExtract/LayoutExtract-Prefix.pch";
				INFOPLIST_FILE = "LayoutExtract/LayoutExtract-Info.plist";
				PRODUCT_NAME = "$(TARGET_NAME)";
				WRAPPER_EXTENSION = app;
			};
			name = Debug;
		};
		2C5BC92018CF15B700712C80 /* Release */ = {
			isa = XCBuildConfiguration;
			buildSettings = {
				ASSETCATALOG_COMPILER_APPICON_NAME = AppIcon;
				ASSETCATALOG_COMPILER_LAUNCHIMAGE_NAME = LaunchImage;
				GCC_PRECOMPILE_PREFIX_HEADER = YES;
				GCC_PREFIX_HEADER = "LayoutExtract/LayoutExtract-Prefix.pch";
				INFOPLIST_FILE = "LayoutExtract/LayoutExtract-Info.plist";
				PRODUCT_NAME = "$(TARGET_NAME)";
				WRAPPER_EXTENSION = app;
			};
			name = Release;
		};
		2C5BC92218CF15B700712C80 /* Debug */ = {
			isa = XCBuildConfiguration;
			buildSettings = {
				BUNDLE_LOADER = "$(BUILT_PRODUCTS_DIR)/LayoutExtract.app/LayoutExtract";
				FRAMEWORK_SEARCH_PATHS = (
					"$(SDKROOT)/Developer/Library/Frameworks",
					"$(inherited)",
					"$(DEVELOPER_FRAMEWORKS_DIR)",
				);
				GCC_PRECOMPILE_PREFIX_HEADER = YES;
				GCC_PREFIX_HEADER = "LayoutExtract/LayoutExtract-Prefix.pch";
				GCC_PREPROCESSOR_DEFINITIONS = (
					"DEBUG=1",
					"$(inherited)",
				);
				INFOPLIST_FILE = "LayoutExtractTests/LayoutExtractTests-Info.plist";
				PRODUCT_NAME = "$(TARGET_NAME)";
				TEST_HOST = "$(BUNDLE_LOADER)";
				WRAPPER_EXTENSION = xctest;
			};
			name = Debug;
		};
		2C5BC92318CF15B700712C80 /* Release */ = {
			isa = XCBuildConfiguration;
			buildSettings = {
				BUNDLE_LOADER = "$(BUILT_PRODUCTS_DIR)/LayoutExtract.app/LayoutExtract";
				FRAMEWORK_SEARCH_PATHS = (
					"$(SDKROOT)/Developer/Library/Frameworks",
					"$(inherited)",
					"$(DEVELOPER_FRAMEWORKS_DIR)",
				);
				GCC_PRECOMPILE_PREFIX_HEADER = YES;
				GCC_PREFIX_HEADER = "LayoutExtract/LayoutExtract-Prefix.pch";
				INFOPLIST_FILE = "LayoutExtractTests/LayoutExtractTests-Info.plist";
				PRODUCT_NAME = "$(TARGET_NAME)";
				TEST_HOST = "$(BUNDLE_LOADER)";
				WRAPPER_EXTENSION = xctest;
			};
			name = Release;
		};
/* End XCBuildConfiguration section */

/* Begin XCConfigurationList section */
		2C5BC8E418CF15B700712C80 /* Build configuration list for PBXProject "LayoutExtract" */ = {
			isa = XCConfigurationList;
			buildConfigurations = (
				2C5BC91C18CF15B700712C80 /* Debug */,
				2C5BC91D18CF15B700712C80 /* Release */,
			);
			defaultConfigurationIsVisible = 0;
			defaultConfigurationName = Release;
		};
		2C5BC91E18CF15B700712C80 /* Build configuration list for PBXNativeTarget "LayoutExtract" */ = {
			isa = XCConfigurationList;
			buildConfigurations = (
				2C5BC91F18CF15B700712C80 /* Debug */,
				2C5BC92018CF15B700712C80 /* Release */,
			);
			defaultConfigurationIsVisible = 0;
			defaultConfigurationName = Release;
		};
		2C5BC92118CF15B700712C80 /* Build configuration list for PBXNativeTarget "LayoutExtractTests" */ = {
			isa = XCConfigurationList;
			buildConfigurations = (
				2C5BC92218CF15B700712C80 /* Debug */,
				2C5BC92318CF15B700712C80 /* Release */,
			);
			defaultConfigurationIsVisible = 0;
			defaultConfigurationName = Release;
		};
/* End XCConfigurationList section */
	};
	rootObject = 2C5BC8E118CF15B700712C80 /* Project object */;
}
